
Microsoft Visual Studio Solution File, Format Version 12.00
# Visual Studio Version 17
VisualStudioVersion = 17.7.34031.279
MinimumVisualStudioVersion = 10.0.40219.1
Project("{9A19103F-16F7-4668-BE54-9A1E7A4F7556}") = "Portfolio_Bulkyweb", "Portfolio_Bulkyweb\Portfolio_Bulkyweb.csproj", "{3E3C8C63-4E17-4C65-BEF1-FF678ABC4D5B}"
EndProject
Project("{FAE04EC0-301F-11D3-BF4B-00C04F79EFBC}") = "Bulky.DataAccess", "Bulky.DataAccess\Bulky.DataAccess.csproj", "{FF52EAC1-E214-4E8A-AD50-EC6FD48D3506}"
EndProject
Project("{FAE04EC0-301F-11D3-BF4B-00C04F79EFBC}") = "Bulky.Models", "Bulky.Models\Bulky.Models.csproj", "{015A4762-DC13-4CD0-81EA-4E72474158E0}"
EndProject
Project("{FAE04EC0-301F-11D3-BF4B-00C04F79EFBC}") = "Bulky.Utilities", "Bulky.Utilities\Bulky.Utilities.csproj", "{6D7B4AED-1414-4AA0-A0F1-322A2BD3FB1B}"
EndProject
Global
	GlobalSection(SolutionConfigurationPlatforms) = preSolution
		Debug|Any CPU = Debug|Any CPU
		Release|Any CPU = Release|Any CPU
	EndGlobalSection
	GlobalSection(ProjectConfigurationPlatforms) = postSolution
		{3E3C8C63-4E17-4C65-BEF1-FF678ABC4D5B}.Debug|Any CPU.ActiveCfg = Debug|Any CPU
		{3E3C8C63-4E17-4C65-BEF1-FF678ABC4D5B}.Debug|Any CPU.Build.0 = Debug|Any CPU
		{3E3C8C63-4E17-4C65-BEF1-FF678ABC4D5B}.Release|Any CPU.ActiveCfg = Release|Any CPU
		{3E3C8C63-4E17-4C65-BEF1-FF678ABC4D5B}.Release|Any CPU.Build.0 = Release|Any CPU
		{FF52EAC1-E214-4E8A-AD50-EC6FD48D3506}.Debug|Any CPU.ActiveCfg = Debug|Any CPU
		{FF52EAC1-E214-4E8A-AD50-EC6FD48D3506}.Debug|Any CPU.Build.0 = Debug|Any CPU
		{FF52EAC1-E214-4E8A-AD50-EC6FD48D3506}.Release|Any CPU.ActiveCfg = Release|Any CPU
		{FF52EAC1-E214-4E8A-AD50-EC6FD48D3506}.Release|Any CPU.Build.0 = Release|Any CPU
		{015A4762-DC13-4CD0-81EA-4E72474158E0}.Debug|Any CPU.ActiveCfg = Debug|Any CPU
		{015A4762-DC13-4CD0-81EA-4E72474158E0}.Debug|Any CPU.Build.0 = Debug|Any CPU
		{015A4762-DC13-4CD0-81EA-4E72474158E0}.Release|Any CPU.ActiveCfg = Release|Any CPU
		{015A4762-DC13-4CD0-81EA-4E72474158E0}.Release|Any CPU.Build.0 = Release|Any CPU
		{6D7B4AED-1414-4AA0-A0F1-322A2BD3FB1B}.Debug|Any CPU.ActiveCfg = Debug|Any CPU
		{6D7B4AED-1414-4AA0-A0F1-322A2BD3FB1B}.Debug|Any CPU.Build.0 = Debug|Any CPU
		{6D7B4AED-1414-4AA0-A0F1-322A2BD3FB1B}.Release|Any CPU.ActiveCfg = Release|Any CPU
		{6D7B4AED-1414-4AA0-A0F1-322A2BD3FB1B}.Release|Any CPU.Build.0 = Release|Any CPU
	EndGlobalSection
	GlobalSection(SolutionProperties) = preSolution
		HideSolutionNode = FALSE
	EndGlobalSection
	GlobalSection(ExtensibilityGlobals) = postSolution
		SolutionGuid = {FF6DADBF-8171-4FF7-89EE-4984C4697DE5}
	EndGlobalSection
EndGlobal
