
Microsoft Visual Studio Solution File, Format Version 12.00
# Visual Studio Version 17
VisualStudioVersion = 17.7.34031.279
MinimumVisualStudioVersion = 10.0.40219.1
Project("{FAE04EC0-301F-11D3-BF4B-00C04F79EFBC}") = "Portfolio_Bulkyweb", "Portfolio_Bulkyweb\Portfolio_Bulkyweb.csproj", "{3E3C8C63-4E17-4C65-BEF1-FF678ABC4D5B}"
EndProject
Global
	GlobalSection(SolutionConfigurationPlatforms) = preSolution
		Debug|Any CPU = Debug|Any CPU
		Release|Any CPU = Release|Any CPU
	EndGlobalSection
	GlobalSection(ProjectConfigurationPlatforms) = postSolution
		{3E3C8C63-4E17-4C65-BEF1-FF678ABC4D5B}.Debug|Any CPU.ActiveCfg = Debug|Any CPU
		{3E3C8C63-4E17-4C65-BEF1-FF678ABC4D5B}.Debug|Any CPU.Build.0 = Debug|Any CPU
		{3E3C8C63-4E17-4C65-BEF1-FF678ABC4D5B}.Release|Any CPU.ActiveCfg = Release|Any CPU
		{3E3C8C63-4E17-4C65-BEF1-FF678ABC4D5B}.Release|Any CPU.Build.0 = Release|Any CPU
	EndGlobalSection
	GlobalSection(SolutionProperties) = preSolution
		HideSolutionNode = FALSE
	EndGlobalSection
	GlobalSection(ExtensibilityGlobals) = postSolution
		SolutionGuid = {FF6DADBF-8171-4FF7-89EE-4984C4697DE5}
	EndGlobalSection
EndGlobal
